
Microsoft Visual Studio Solution File, Format Version 12.00
# Visual Studio 15
VisualStudioVersion = 15.0.28307.329
MinimumVisualStudioVersion = 10.0.40219.1
Project("{8BC9CEB8-8B4A-11D0-8D11-00A0C91BC942}") = "BigInt", "BigInt\BigInt.vcxproj", "{29712214-E9BB-4A77-A04D-B9455522A197}"
EndProject
Project("{8BC9CEB8-8B4A-11D0-8D11-00A0C91BC942}") = "UnitTest1", "UnitTest1\UnitTest1.vcxproj", "{1F117FF1-D886-4B80-8793-1A118E379D3D}"
EndProject
Global
	GlobalSection(SolutionConfigurationPlatforms) = preSolution
		Debug|x64 = Debug|x64
		Debug|x86 = Debug|x86
		Release|x64 = Release|x64
		Release|x86 = Release|x86
	EndGlobalSection
	GlobalSection(ProjectConfigurationPlatforms) = postSolution
		{29712214-E9BB-4A77-A04D-B9455522A197}.Debug|x64.ActiveCfg = Debug|x64
		{29712214-E9BB-4A77-A04D-B9455522A197}.Debug|x64.Build.0 = Debug|x64
		{29712214-E9BB-4A77-A04D-B9455522A197}.Debug|x86.ActiveCfg = Debug|Win32
		{29712214-E9BB-4A77-A04D-B9455522A197}.Debug|x86.Build.0 = Debug|Win32
		{29712214-E9BB-4A77-A04D-B9455522A197}.Release|x64.ActiveCfg = Release|x64
		{29712214-E9BB-4A77-A04D-B9455522A197}.Release|x64.Build.0 = Release|x64
		{29712214-E9BB-4A77-A04D-B9455522A197}.Release|x86.ActiveCfg = Release|Win32
		{29712214-E9BB-4A77-A04D-B9455522A197}.Release|x86.Build.0 = Release|Win32
		{1F117FF1-D886-4B80-8793-1A118E379D3D}.Debug|x64.ActiveCfg = Debug|x64
		{1F117FF1-D886-4B80-8793-1A118E379D3D}.Debug|x64.Build.0 = Debug|x64
		{1F117FF1-D886-4B80-8793-1A118E379D3D}.Debug|x86.ActiveCfg = Debug|Win32
		{1F117FF1-D886-4B80-8793-1A118E379D3D}.Debug|x86.Build.0 = Debug|Win32
		{1F117FF1-D886-4B80-8793-1A118E379D3D}.Release|x64.ActiveCfg = Release|x64
		{1F117FF1-D886-4B80-8793-1A118E379D3D}.Release|x64.Build.0 = Release|x64
		{1F117FF1-D886-4B80-8793-1A118E379D3D}.Release|x86.ActiveCfg = Release|Win32
		{1F117FF1-D886-4B80-8793-1A118E379D3D}.Release|x86.Build.0 = Release|Win32
	EndGlobalSection
	GlobalSection(SolutionProperties) = preSolution
		HideSolutionNode = FALSE
	EndGlobalSection
	GlobalSection(ExtensibilityGlobals) = postSolution
		SolutionGuid = {83BFEF8C-03ED-445C-A4A9-D73AC870E9DE}
	EndGlobalSection
EndGlobal
